
Microsoft Visual Studio Solution File, Format Version 12.00
# Visual Studio Version 16
VisualStudioVersion = 16.0.30114.105
MinimumVisualStudioVersion = 10.0.40219.1
Project("{9A19103F-16F7-4668-BE54-9A1E7A4F7556}") = "MongoDbExample", "MongoDbExample.csproj", "{2EF42136-904F-4484-9A7D-D91031DF6B01}"
EndProject
Global
	GlobalSection(SolutionConfigurationPlatforms) = preSolution
		Debug|Any CPU = Debug|Any CPU
		Release|Any CPU = Release|Any CPU
	EndGlobalSection
	GlobalSection(ProjectConfigurationPlatforms) = postSolution
		{2EF42136-904F-4484-9A7D-D91031DF6B01}.Debug|Any CPU.ActiveCfg = Debug|Any CPU
		{2EF42136-904F-4484-9A7D-D91031DF6B01}.Debug|Any CPU.Build.0 = Debug|Any CPU
		{2EF42136-904F-4484-9A7D-D91031DF6B01}.Release|Any CPU.ActiveCfg = Release|Any CPU
		{2EF42136-904F-4484-9A7D-D91031DF6B01}.Release|Any CPU.Build.0 = Release|Any CPU
	EndGlobalSection
	GlobalSection(SolutionProperties) = preSolution
		HideSolutionNode = FALSE
	EndGlobalSection
	GlobalSection(ExtensibilityGlobals) = postSolution
		SolutionGuid = {33046306-2E17-4AB7-BCFE-C2D25AB26E36}
	EndGlobalSection
EndGlobal
